// !$*UTF8*$!
{
	archiveVersion = 1;
	classes = {
	};
	objectVersion = 48;
	objects = {

/* Begin PBXBuildFile section */
		4E388AFF1FF37386001A6D4A /* AppDelegate.m in Sources */ = {isa = PBXBuildFile; fileRef = 4E388AFE1FF37386001A6D4A /* AppDelegate.m */; };
		4E388B021FF37386001A6D4A /* ViewController.m in Sources */ = {isa = PBXBuildFile; fileRef = 4E388B011FF37386001A6D4A /* ViewController.m */; };
		4E388B051FF37386001A6D4A /* Main.storyboard in Resources */ = {isa = PBXBuildFile; fileRef = 4E388B031FF37386001A6D4A /* Main.storyboard */; };
		4E388B071FF37386001A6D4A /* Assets.xcassets in Resources */ = {isa = PBXBuildFile; fileRef = 4E388B061FF37386001A6D4A /* Assets.xcassets */; };
		4E388B0A1FF37386001A6D4A /* LaunchScreen.storyboard in Resources */ = {isa = PBXBuildFile; fileRef = 4E388B081FF37386001A6D4A /* LaunchScreen.storyboard */; };
		4E388B0D1FF37386001A6D4A /* main.m in Sources */ = {isa = PBXBuildFile; fileRef = 4E388B0C1FF37386001A6D4A /* main.m */; };
		4E388B171FF37386001A6D4A /* LoadViewTests.m in Sources */ = {isa = PBXBuildFile; fileRef = 4E388B161FF37386001A6D4A /* LoadViewTests.m */; };
		4E388B221FF37386001A6D4A /* LoadViewUITests.m in Sources */ = {isa = PBXBuildFile; fileRef = 4E388B211FF37386001A6D4A /* LoadViewUITests.m */; };
/* End PBXBuildFile section */

/* Begin PBXContainerItemProxy section */
		4E388B131FF37386001A6D4A /* PBXContainerItemProxy */ = {
			isa = PBXContainerItemProxy;
			containerPortal = 4E388AF21FF37386001A6D4A /* Project object */;
			proxyType = 1;
			remoteGlobalIDString = 4E388AF91FF37386001A6D4A;
			remoteInfo = LoadView;
		};
		4E388B1E1FF37386001A6D4A /* PBXContainerItemProxy */ = {
			isa = PBXContainerItemProxy;
			containerPortal = 4E388AF21FF37386001A6D4A /* Project object */;
			proxyType = 1;
			remoteGlobalIDString = 4E388AF91FF37386001A6D4A;
			remoteInfo = LoadView;
		};
/* End PBXContainerItemProxy section */

/* Begin PBXFileReference section */
		4E388AFA1FF37386001A6D4A /* LoadView.app */ = {isa = PBXFileReference; explicitFileType = wrapper.application; includeInIndex = 0; path = LoadView.app; sourceTree = BUILT_PRODUCTS_DIR; };
		4E388AFD1FF37386001A6D4A /* AppDelegate.h */ = {isa = PBXFileReference; lastKnownFileType = sourcecode.c.h; path = AppDelegate.h; sourceTree = "<group>"; };
		4E388AFE1FF37386001A6D4A /* AppDelegate.m */ = {isa = PBXFileReference; lastKnownFileType = sourcecode.c.objc; path = AppDelegate.m; sourceTree = "<group>"; };
		4E388B001FF37386001A6D4A /* ViewController.h */ = {isa = PBXFileReference; lastKnownFileType = sourcecode.c.h; path = ViewController.h; sourceTree = "<group>"; };
		4E388B011FF37386001A6D4A /* ViewController.m */ = {isa = PBXFileReference; lastKnownFileType = sourcecode.c.objc; path = ViewController.m; sourceTree = "<group>"; };
		4E388B041FF37386001A6D4A /* Base */ = {isa = PBXFileReference; lastKnownFileType = file.storyboard; name = Base; path = Base.lproj/Main.storyboard; sourceTree = "<group>"; };
		4E388B061FF37386001A6D4A /* Assets.xcassets */ = {isa = PBXFileReference; lastKnownFileType = folder.assetcatalog; path = Assets.xcassets; sourceTree = "<group>"; };
		4E388B091FF37386001A6D4A /* Base */ = {isa = PBXFileReference; lastKnownFileType = file.storyboard; name = Base; path = Base.lproj/LaunchScreen.storyboard; sourceTree = "<group>"; };
		4E388B0B1FF37386001A6D4A /* Info.plist */ = {isa = PBXFileReference; lastKnownFileType = text.plist.xml; path = Info.plist; sourceTree = "<group>"; };
		4E388B0C1FF37386001A6D4A /* main.m */ = {isa = PBXFileReference; lastKnownFileType = sourcecode.c.objc; path = main.m; sourceTree = "<group>"; };
		4E388B121FF37386001A6D4A /* LoadViewTests.xctest */ = {isa = PBXFileReference; explicitFileType = wrapper.cfbundle; includeInIndex = 0; path = LoadViewTests.xctest; sourceTree = BUILT_PRODUCTS_DIR; };
		4E388B161FF37386001A6D4A /* LoadViewTests.m */ = {isa = PBXFileReference; lastKnownFileType = sourcecode.c.objc; path = LoadViewTests.m; sourceTree = "<group>"; };
		4E388B181FF37386001A6D4A /* Info.plist */ = {isa = PBXFileReference; lastKnownFileType = text.plist.xml; path = Info.plist; sourceTree = "<group>"; };
		4E388B1D1FF37386001A6D4A /* LoadViewUITests.xctest */ = {isa = PBXFileReference; explicitFileType = wrapper.cfbundle; includeInIndex = 0; path = LoadViewUITests.xctest; sourceTree = BUILT_PRODUCTS_DIR; };
		4E388B211FF37386001A6D4A /* LoadViewUITests.m */ = {isa = PBXFileReference; lastKnownFileType = sourcecode.c.objc; path = LoadViewUITests.m; sourceTree = "<group>"; };
		4E388B231FF37386001A6D4A /* Info.plist */ = {isa = PBXFileReference; lastKnownFileType = text.plist.xml; path = Info.plist; sourceTree = "<group>"; };
/* End PBXFileReference section */

/* Begin PBXFrameworksBuildPhase section */
		4E388AF71FF37386001A6D4A /* Frameworks */ = {
			isa = PBXFrameworksBuildPhase;
			buildActionMask = 2147483647;
			files = (
			);
			runOnlyForDeploymentPostprocessing = 0;
		};
		4E388B0F1FF37386001A6D4A /* Frameworks */ = {
			isa = PBXFrameworksBuildPhase;
			buildActionMask = 2147483647;
			files = (
			);
			runOnlyForDeploymentPostprocessing = 0;
		};
		4E388B1A1FF37386001A6D4A /* Frameworks */ = {
			isa = PBXFrameworksBuildPhase;
			buildActionMask = 2147483647;
			files = (
			);
			runOnlyForDeploymentPostprocessing = 0;
		};
/* End PBXFrameworksBuildPhase section */

/* Begin PBXGroup section */
		4E388AF11FF37386001A6D4A = {
			isa = PBXGroup;
			children = (
				4E388AFC1FF37386001A6D4A /* LoadView */,
				4E388B151FF37386001A6D4A /* LoadViewTests */,
				4E388B201FF37386001A6D4A /* LoadViewUITests */,
				4E388AFB1FF37386001A6D4A /* Products */,
			);
			sourceTree = "<group>";
		};
		4E388AFB1FF37386001A6D4A /* Products */ = {
			isa = PBXGroup;
			children = (
				4E388AFA1FF37386001A6D4A /* LoadView.app */,
				4E388B121FF37386001A6D4A /* LoadViewTests.xctest */,
				4E388B1D1FF37386001A6D4A /* LoadViewUITests.xctest */,
			);
			name = Products;
			sourceTree = "<group>";
		};
		4E388AFC1FF37386001A6D4A /* LoadView */ = {
			isa = PBXGroup;
			children = (
				4E388AFD1FF37386001A6D4A /* AppDelegate.h */,
				4E388AFE1FF37386001A6D4A /* AppDelegate.m */,
				4E388B001FF37386001A6D4A /* ViewController.h */,
				4E388B011FF37386001A6D4A /* ViewController.m */,
				4E388B031FF37386001A6D4A /* Main.storyboard */,
				4E388B061FF37386001A6D4A /* Assets.xcassets */,
				4E388B081FF37386001A6D4A /* LaunchScreen.storyboard */,
				4E388B0B1FF37386001A6D4A /* Info.plist */,
				4E388B0C1FF37386001A6D4A /* main.m */,
			);
			path = LoadView;
			sourceTree = "<group>";
		};
		4E388B151FF37386001A6D4A /* LoadViewTests */ = {
			isa = PBXGroup;
			children = (
				4E388B161FF37386001A6D4A /* LoadViewTests.m */,
				4E388B181FF37386001A6D4A /* Info.plist */,
			);
			path = LoadViewTests;
			sourceTree = "<group>";
		};
		4E388B201FF37386001A6D4A /* LoadViewUITests */ = {
			isa = PBXGroup;
			children = (
				4E388B211FF37386001A6D4A /* LoadViewUITests.m */,
				4E388B231FF37386001A6D4A /* Info.plist */,
			);
			path = LoadViewUITests;
			sourceTree = "<group>";
		};
/* End PBXGroup section */

/* Begin PBXNativeTarget section */
		4E388AF91FF37386001A6D4A /* LoadView */ = {
			isa = PBXNativeTarget;
			buildConfigurationList = 4E388B261FF37386001A6D4A /* Build configuration list for PBXNativeTarget "LoadView" */;
			buildPhases = (
				4E388AF61FF37386001A6D4A /* Sources */,
				4E388AF71FF37386001A6D4A /* Frameworks */,
				4E388AF81FF37386001A6D4A /* Resources */,
			);
			buildRules = (
			);
			dependencies = (
			);
			name = LoadView;
			productName = LoadView;
			productReference = 4E388AFA1FF37386001A6D4A /* LoadView.app */;
			productType = "com.apple.product-type.application";
		};
		4E388B111FF37386001A6D4A /* LoadViewTests */ = {
			isa = PBXNativeTarget;
			buildConfigurationList = 4E388B291FF37386001A6D4A /* Build configuration list for PBXNativeTarget "LoadViewTests" */;
			buildPhases = (
				4E388B0E1FF37386001A6D4A /* Sources */,
				4E388B0F1FF37386001A6D4A /* Frameworks */,
				4E388B101FF37386001A6D4A /* Resources */,
			);
			buildRules = (
			);
			dependencies = (
				4E388B141FF37386001A6D4A /* PBXTargetDependency */,
			);
			name = LoadViewTests;
			productName = LoadViewTests;
			productReference = 4E388B121FF37386001A6D4A /* LoadViewTests.xctest */;
			productType = "com.apple.product-type.bundle.unit-test";
		};
		4E388B1C1FF37386001A6D4A /* LoadViewUITests */ = {
			isa = PBXNativeTarget;
			buildConfigurationList = 4E388B2C1FF37386001A6D4A /* Build configuration list for PBXNativeTarget "LoadViewUITests" */;
			buildPhases = (
				4E388B191FF37386001A6D4A /* Sources */,
				4E388B1A1FF37386001A6D4A /* Frameworks */,
				4E388B1B1FF37386001A6D4A /* Resources */,
			);
			buildRules = (
			);
			dependencies = (
				4E388B1F1FF37386001A6D4A /* PBXTargetDependency */,
			);
			name = LoadViewUITests;
			productName = LoadViewUITests;
			productReference = 4E388B1D1FF37386001A6D4A /* LoadViewUITests.xctest */;
			productType = "com.apple.product-type.bundle.ui-testing";
		};
/* End PBXNativeTarget section */

/* Begin PBXProject section */
		4E388AF21FF37386001A6D4A /* Project object */ = {
			isa = PBXProject;
			attributes = {
				LastUpgradeCheck = 0900;
				ORGANIZATIONNAME = com.shenyun;
				TargetAttributes = {
					4E388AF91FF37386001A6D4A = {
						CreatedOnToolsVersion = 9.0;
						ProvisioningStyle = Automatic;
					};
					4E388B111FF37386001A6D4A = {
						CreatedOnToolsVersion = 9.0;
						ProvisioningStyle = Automatic;
						TestTargetID = 4E388AF91FF37386001A6D4A;
					};
					4E388B1C1FF37386001A6D4A = {
						CreatedOnToolsVersion = 9.0;
						ProvisioningStyle = Automatic;
						TestTargetID = 4E388AF91FF37386001A6D4A;
					};
				};
			};
			buildConfigurationList = 4E388AF51FF37386001A6D4A /* Build configuration list for PBXProject "LoadView" */;
			compatibilityVersion = "Xcode 8.0";
			developmentRegion = en;
			hasScannedForEncodings = 0;
			knownRegions = (
				en,
				Base,
			);
			mainGroup = 4E388AF11FF37386001A6D4A;
			productRefGroup = 4E388AFB1FF37386001A6D4A /* Products */;
			projectDirPath = "";
			projectRoot = "";
			targets = (
				4E388AF91FF37386001A6D4A /* LoadView */,
				4E388B111FF37386001A6D4A /* LoadViewTests */,
				4E388B1C1FF37386001A6D4A /* LoadViewUITests */,
			);
		};
/* End PBXProject section */

/* Begin PBXResourcesBuildPhase section */
		4E388AF81FF37386001A6D4A /* Resources */ = {
			isa = PBXResourcesBuildPhase;
			buildActionMask = 2147483647;
			files = (
				4E388B0A1FF37386001A6D4A /* LaunchScreen.storyboard in Resources */,
				4E388B071FF37386001A6D4A /* Assets.xcassets in Resources */,
				4E388B051FF37386001A6D4A /* Main.storyboard in Resources */,
			);
			runOnlyForDeploymentPostprocessing = 0;
		};
		4E388B101FF37386001A6D4A /* Resources */ = {
			isa = PBXResourcesBuildPhase;
			buildActionMask = 2147483647;
			files = (
			);
			runOnlyForDeploymentPostprocessing = 0;
		};
		4E388B1B1FF37386001A6D4A /* Resources */ = {
			isa = PBXResourcesBuildPhase;
			buildActionMask = 2147483647;
			files = (
			);
			runOnlyForDeploymentPostprocessing = 0;
		};
/* End PBXResourcesBuildPhase section */

/* Begin PBXSourcesBuildPhase section */
		4E388AF61FF37386001A6D4A /* Sources */ = {
			isa = PBXSourcesBuildPhase;
			buildActionMask = 2147483647;
			files = (
				4E388B021FF37386001A6D4A /* ViewController.m in Sources */,
				4E388B0D1FF37386001A6D4A /* main.m in Sources */,
				4E388AFF1FF37386001A6D4A /* AppDelegate.m in Sources */,
			);
			runOnlyForDeploymentPostprocessing = 0;
		};
		4E388B0E1FF37386001A6D4A /* Sources */ = {
			isa = PBXSourcesBuildPhase;
			buildActionMask = 2147483647;
			files = (
				4E388B171FF37386001A6D4A /* LoadViewTests.m in Sources */,
			);
			runOnlyForDeploymentPostprocessing = 0;
		};
		4E388B191FF37386001A6D4A /* Sources */ = {
			isa = PBXSourcesBuildPhase;
			buildActionMask = 2147483647;
			files = (
				4E388B221FF37386001A6D4A /* LoadViewUITests.m in Sources */,
			);
			runOnlyForDeploymentPostprocessing = 0;
		};
/* End PBXSourcesBuildPhase section */

/* Begin PBXTargetDependency section */
		4E388B141FF37386001A6D4A /* PBXTargetDependency */ = {
			isa = PBXTargetDependency;
			target = 4E388AF91FF37386001A6D4A /* LoadView */;
			targetProxy = 4E388B131FF37386001A6D4A /* PBXContainerItemProxy */;
		};
		4E388B1F1FF37386001A6D4A /* PBXTargetDependency */ = {
			isa = PBXTargetDependency;
			target = 4E388AF91FF37386001A6D4A /* LoadView */;
			targetProxy = 4E388B1E1FF37386001A6D4A /* PBXContainerItemProxy */;
		};
/* End PBXTargetDependency section */

/* Begin PBXVariantGroup section */
		4E388B031FF37386001A6D4A /* Main.storyboard */ = {
			isa = PBXVariantGroup;
			children = (
				4E388B041FF37386001A6D4A /* Base */,
			);
			name = Main.storyboard;
			sourceTree = "<group>";
		};
		4E388B081FF37386001A6D4A /* LaunchScreen.storyboard */ = {
			isa = PBXVariantGroup;
			children = (
				4E388B091FF37386001A6D4A /* Base */,
			);
			name = LaunchScreen.storyboard;
			sourceTree = "<group>";
		};
/* End PBXVariantGroup section */

/* Begin XCBuildConfiguration section */
		4E388B241FF37386001A6D4A /* Debug */ = {
			isa = XCBuildConfiguration;
			buildSettings = {
				ALWAYS_SEARCH_USER_PATHS = NO;
				CLANG_ANALYZER_NONNULL = YES;
				CLANG_ANALYZER_NUMBER_OBJECT_CONVERSION = YES_AGGRESSIVE;
				CLANG_CXX_LANGUAGE_STANDARD = "gnu++14";
				CLANG_CXX_LIBRARY = "libc++";
				CLANG_ENABLE_MODULES = YES;
				CLANG_ENABLE_OBJC_ARC = YES;
				CLANG_WARN_BLOCK_CAPTURE_AUTORELEASING = YES;
				CLANG_WARN_BOOL_CONVERSION = YES;
				CLANG_WARN_COMMA = YES;
				CLANG_WARN_CONSTANT_CONVERSION = YES;
				CLANG_WARN_DIRECT_OBJC_ISA_USAGE = YES_ERROR;
				CLANG_WARN_DOCUMENTATION_COMMENTS = YES;
				CLANG_WARN_EMPTY_BODY = YES;
				CLANG_WARN_ENUM_CONVERSION = YES;
				CLANG_WARN_INFINITE_RECURSION = YES;
				CLANG_WARN_INT_CONVERSION = YES;
				CLANG_WARN_NON_LITERAL_NULL_CONVERSION = YES;
				CLANG_WARN_OBJC_LITERAL_CONVERSION = YES;
				CLANG_WARN_OBJC_ROOT_CLASS = YES_ERROR;
				CLANG_WARN_RANGE_LOOP_ANALYSIS = YES;
				CLANG_WARN_STRICT_PROTOTYPES = YES;
				CLANG_WARN_SUSPICIOUS_MOVE = YES;
				CLANG_WARN_UNGUARDED_AVAILABILITY = YES_AGGRESSIVE;
				CLANG_WARN_UNREACHABLE_CODE = YES;
				CLANG_WARN__DUPLICATE_METHOD_MATCH = YES;
				CODE_SIGN_IDENTITY = "iPhone Developer";
				COPY_PHASE_STRIP = NO;
				DEBUG_INFORMATION_FORMAT = dwarf;
				ENABLE_STRICT_OBJC_MSGSEND = YES;
				ENABLE_TESTABILITY = YES;
				GCC_C_LANGUAGE_STANDARD = gnu11;
				GCC_DYNAMIC_NO_PIC = NO;
				GCC_NO_COMMON_BLOCKS = YES;
				GCC_OPTIMIZATION_LEVEL = 0;
				GCC_PREPROCESSOR_DEFINITIONS = (
					"DEBUG=1",
					"$(inherited)",
				);
				GCC_WARN_64_TO_32_BIT_CONVERSION = YES;
				GCC_WARN_ABOUT_RETURN_TYPE = YES_ERROR;
				GCC_WARN_UNDECLARED_SELECTOR = YES;
				GCC_WARN_UNINITIALIZED_AUTOS = YES_AGGRESSIVE;
				GCC_WARN_UNUSED_FUNCTION = YES;
				GCC_WARN_UNUSED_VARIABLE = YES;
				IPHONEOS_DEPLOYMENT_TARGET = 11.0;
				MTL_ENABLE_DEBUG_INFO = YES;
				ONLY_ACTIVE_ARCH = YES;
				SDKROOT = iphoneos;
			};
			name = Debug;
		};
		4E388B251FF37386001A6D4A /* Release */ = {
			isa = XCBuildConfiguration;
			buildSettings = {
				ALWAYS_SEARCH_USER_PATHS = NO;
				CLANG_ANALYZER_NONNULL = YES;
				CLANG_ANALYZER_NUMBER_OBJECT_CONVERSION = YES_AGGRESSIVE;
				CLANG_CXX_LANGUAGE_STANDARD = "gnu++14";
				CLANG_CXX_LIBRARY = "libc++";
				CLANG_ENABLE_MODULES = YES;
				CLANG_ENABLE_OBJC_ARC = YES;
				CLANG_WARN_BLOCK_CAPTURE_AUTORELEASING = YES;
				CLANG_WARN_BOOL_CONVERSION = YES;
				CLANG_WARN_COMMA = YES;
				CLANG_WARN_CONSTANT_CONVERSION = YES;
				CLANG_WARN_DIRECT_OBJC_ISA_USAGE = YES_ERROR;
				CLANG_WARN_DOCUMENTATION_COMMENTS = YES;
				CLANG_WARN_EMPTY_BODY = YES;
				CLANG_WARN_ENUM_CONVERSION = YES;
				CLANG_WARN_INFINITE_RECURSION = YES;
				CLANG_WARN_INT_CONVERSION = YES;
				CLANG_WARN_NON_LITERAL_NULL_CONVERSION = YES;
				CLANG_WARN_OBJC_LITERAL_CONVERSION = YES;
				CLANG_WARN_OBJC_ROOT_CLASS = YES_ERROR;
				CLANG_WARN_RANGE_LOOP_ANALYSIS = YES;
				CLANG_WARN_STRICT_PROTOTYPES = YES;
				CLANG_WARN_SUSPICIOUS_MOVE = YES;
				CLANG_WARN_UNGUARDED_AVAILABILITY = YES_AGGRESSIVE;
				CLANG_WARN_UNREACHABLE_CODE = YES;
				CLANG_WARN__DUPLICATE_METHOD_MATCH = YES;
				CODE_SIGN_IDENTITY = "iPhone Developer";
				COPY_PHASE_STRIP = NO;
				DEBUG_INFORMATION_FORMAT = "dwarf-with-dsym";
				ENABLE_NS_ASSERTIONS = NO;
				ENABLE_STRICT_OBJC_MSGSEND = YES;
				GCC_C_LANGUAGE_STANDARD = gnu11;
				GCC_NO_COMMON_BLOCKS = YES;
				GCC_WARN_64_TO_32_BIT_CONVERSION = YES;
				GCC_WARN_ABOUT_RETURN_TYPE = YES_ERROR;
				GCC_WARN_UNDECLARED_SELECTOR = YES;
				GCC_WARN_UNINITIALIZED_AUTOS = YES_AGGRESSIVE;
				GCC_WARN_UNUSED_FUNCTION = YES;
				GCC_WARN_UNUSED_VARIABLE = YES;
				IPHONEOS_DEPLOYMENT_TARGET = 11.0;
				MTL_ENABLE_DEBUG_INFO = NO;
				SDKROOT = iphoneos;
				VALIDATE_PRODUCT = YES;
			};
			name = Release;
		};
		4E388B271FF37386001A6D4A /* Debug */ = {
			isa = XCBuildConfiguration;
			buildSettings = {
				ASSETCATALOG_COMPILER_APPICON_NAME = AppIcon;
				CODE_SIGN_STYLE = Automatic;
				DEVELOPMENT_TEAM = 3RRLAAYDRM;
				INFOPLIST_FILE = LoadView/Info.plist;
				LD_RUNPATH_SEARCH_PATHS = "$(inherited) @executable_path/Frameworks";
				PRODUCT_BUNDLE_IDENTIFIER = com.shenyun.LoadView;
				PRODUCT_NAME = "$(TARGET_NAME)";
				TARGETED_DEVICE_FAMILY = "1,2";
			};
			name = Debug;
		};
		4E388B281FF37386001A6D4A /* Release */ = {
			isa = XCBuildConfiguration;
			buildSettings = {
				ASSETCATALOG_COMPILER_APPICON_NAME = AppIcon;
				CODE_SIGN_STYLE = Automatic;
				DEVELOPMENT_TEAM = 3RRLAAYDRM;
				INFOPLIST_FILE = LoadView/Info.plist;
				LD_RUNPATH_SEARCH_PATHS = "$(inherited) @executable_path/Frameworks";
				PRODUCT_BUNDLE_IDENTIFIER = com.shenyun.LoadView;
				PRODUCT_NAME = "$(TARGET_NAME)";
				TARGETED_DEVICE_FAMILY = "1,2";
			};
			name = Release;
		};
		4E388B2A1FF37386001A6D4A /* Debug */ = {
			isa = XCBuildConfiguration;
			buildSettings = {
				BUNDLE_LOADER = "$(TEST_HOST)";
				CODE_SIGN_STYLE = Automatic;
				DEVELOPMENT_TEAM = 3RRLAAYDRM;
				INFOPLIST_FILE = LoadViewTests/Info.plist;
				LD_RUNPATH_SEARCH_PATHS = "$(inherited) @executable_path/Frameworks @loader_path/Frameworks";
				PRODUCT_BUNDLE_IDENTIFIER = com.shenyun.LoadViewTests;
				PRODUCT_NAME = "$(TARGET_NAME)";
				TARGETED_DEVICE_FAMILY = "1,2";
				TEST_HOST = "$(BUILT_PRODUCTS_DIR)/LoadView.app/LoadView";
			};
			name = Debug;
		};
		4E388B2B1FF37386001A6D4A /* Release */ = {
			isa = XCBuildConfiguration;
			buildSettings = {
				BUNDLE_LOADER = "$(TEST_HOST)";
				CODE_SIGN_STYLE = Automatic;
				DEVELOPMENT_TEAM = 3RRLAAYDRM;
				INFOPLIST_FILE = LoadViewTests/Info.plist;
				LD_RUNPATH_SEARCH_PATHS = "$(inherited) @executable_path/Frameworks @loader_path/Frameworks";
				PRODUCT_BUNDLE_IDENTIFIER = com.shenyun.LoadViewTests;
				PRODUCT_NAME = "$(TARGET_NAME)";
				TARGETED_DEVICE_FAMILY = "1,2";
				TEST_HOST = "$(BUILT_PRODUCTS_DIR)/LoadView.app/LoadView";
			};
			name = Release;
		};
		4E388B2D1FF37386001A6D4A /* Debug */ = {
			isa = XCBuildConfiguration;
			buildSettings = {
				CODE_SIGN_STYLE = Automatic;
				DEVELOPMENT_TEAM = 3RRLAAYDRM;
				INFOPLIST_FILE = LoadViewUITests/Info.plist;
				LD_RUNPATH_SEARCH_PATHS = "$(inherited) @executable_path/Frameworks @loader_path/Frameworks";
				PRODUCT_BUNDLE_IDENTIFIER = com.shenyun.LoadViewUITests;
				PRODUCT_NAME = "$(TARGET_NAME)";
				TARGETED_DEVICE_FAMILY = "1,2";
				TEST_TARGET_NAME = LoadView;
			};
			name = Debug;
		};
		4E388B2E1FF37386001A6D4A /* Release */ = {
			isa = XCBuildConfiguration;
			buildSettings = {
				CODE_SIGN_STYLE = Automatic;
				DEVELOPMENT_TEAM = 3RRLAAYDRM;
				INFOPLIST_FILE = LoadViewUITests/Info.plist;
				LD_RUNPATH_SEARCH_PATHS = "$(inherited) @executable_path/Frameworks @loader_path/Frameworks";
				PRODUCT_BUNDLE_IDENTIFIER = com.shenyun.LoadViewUITests;
				PRODUCT_NAME = "$(TARGET_NAME)";
				TARGETED_DEVICE_FAMILY = "1,2";
				TEST_TARGET_NAME = LoadView;
			};
			name = Release;
		};
/* End XCBuildConfiguration section */

/* Begin XCConfigurationList section */
		4E388AF51FF37386001A6D4A /* Build configuration list for PBXProject "LoadView" */ = {
			isa = XCConfigurationList;
			buildConfigurations = (
				4E388B241FF37386001A6D4A /* Debug */,
				4E388B251FF37386001A6D4A /* Release */,
			);
			defaultConfigurationIsVisible = 0;
			defaultConfigurationName = Release;
		};
		4E388B261FF37386001A6D4A /* Build configuration list for PBXNativeTarget "LoadView" */ = {
			isa = XCConfigurationList;
			buildConfigurations = (
				4E388B271FF37386001A6D4A /* Debug */,
				4E388B281FF37386001A6D4A /* Release */,
			);
			defaultConfigurationIsVisible = 0;
			defaultConfigurationName = Release;
		};
		4E388B291FF37386001A6D4A /* Build configuration list for PBXNativeTarget "LoadViewTests" */ = {
			isa = XCConfigurationList;
			buildConfigurations = (
				4E388B2A1FF37386001A6D4A /* Debug */,
				4E388B2B1FF37386001A6D4A /* Release */,
			);
			defaultConfigurationIsVisible = 0;
			defaultConfigurationName = Release;
		};
		4E388B2C1FF37386001A6D4A /* Build configuration list for PBXNativeTarget "LoadViewUITests" */ = {
			isa = XCConfigurationList;
			buildConfigurations = (
				4E388B2D1FF37386001A6D4A /* Debug */,
				4E388B2E1FF37386001A6D4A /* Release */,
			);
			defaultConfigurationIsVisible = 0;
			defaultConfigurationName = Release;
		};
/* End XCConfigurationList section */
	};
	rootObject = 4E388AF21FF37386001A6D4A /* Project object */;
}
